
Microsoft Visual Studio Solution File, Format Version 12.00
# Visual Studio Version 17
VisualStudioVersion = 17.0.31611.283
MinimumVisualStudioVersion = 10.0.40219.1
Project("{9A19103F-16F7-4668-BE54-9A1E7A4F7556}") = "LoginFlowMAUI", "LoginFlowMAUI\LoginFlowMAUI.csproj", "{D224D946-8FD2-428E-9B1C-B192B0109319}"
EndProject
Project("{9A19103F-16F7-4668-BE54-9A1E7A4F7556}") = "TodoService", "TodoService\TodoService.csproj", "{6A7CA5DA-628F-4131-8E0B-80769A6FCCDA}"
EndProject
Project("{9A19103F-16F7-4668-BE54-9A1E7A4F7556}") = "AuthService", "AutherService\AuthService.csproj", "{02F83760-BAA6-4244-A437-CA227B5D5D88}"
EndProject
Global
	GlobalSection(SolutionConfigurationPlatforms) = preSolution
		Debug|Any CPU = Debug|Any CPU
		Release|Any CPU = Release|Any CPU
	EndGlobalSection
	GlobalSection(ProjectConfigurationPlatforms) = postSolution
		{D224D946-8FD2-428E-9B1C-B192B0109319}.Debug|Any CPU.ActiveCfg = Debug|Any CPU
		{D224D946-8FD2-428E-9B1C-B192B0109319}.Debug|Any CPU.Build.0 = Debug|Any CPU
		{D224D946-8FD2-428E-9B1C-B192B0109319}.Debug|Any CPU.Deploy.0 = Debug|Any CPU
		{D224D946-8FD2-428E-9B1C-B192B0109319}.Release|Any CPU.ActiveCfg = Release|Any CPU
		{D224D946-8FD2-428E-9B1C-B192B0109319}.Release|Any CPU.Build.0 = Release|Any CPU
		{D224D946-8FD2-428E-9B1C-B192B0109319}.Release|Any CPU.Deploy.0 = Release|Any CPU
		{6A7CA5DA-628F-4131-8E0B-80769A6FCCDA}.Debug|Any CPU.ActiveCfg = Debug|Any CPU
		{6A7CA5DA-628F-4131-8E0B-80769A6FCCDA}.Debug|Any CPU.Build.0 = Debug|Any CPU
		{6A7CA5DA-628F-4131-8E0B-80769A6FCCDA}.Release|Any CPU.ActiveCfg = Release|Any CPU
		{6A7CA5DA-628F-4131-8E0B-80769A6FCCDA}.Release|Any CPU.Build.0 = Release|Any CPU
		{02F83760-BAA6-4244-A437-CA227B5D5D88}.Debug|Any CPU.ActiveCfg = Debug|Any CPU
		{02F83760-BAA6-4244-A437-CA227B5D5D88}.Debug|Any CPU.Build.0 = Debug|Any CPU
		{02F83760-BAA6-4244-A437-CA227B5D5D88}.Release|Any CPU.ActiveCfg = Release|Any CPU
		{02F83760-BAA6-4244-A437-CA227B5D5D88}.Release|Any CPU.Build.0 = Release|Any CPU
	EndGlobalSection
	GlobalSection(SolutionProperties) = preSolution
		HideSolutionNode = FALSE
	EndGlobalSection
	GlobalSection(ExtensibilityGlobals) = postSolution
		SolutionGuid = {61F7FB11-1E47-470C-91E2-47F8143E1572}
	EndGlobalSection
EndGlobal
